// !$*UTF8*$!
{
	archiveVersion = 1;
	classes = {
	};
	objectVersion = 46;
	objects = {

/* Begin PBXBuildFile section */
		AB3879391E61E0ED00F1CABE /* main.m in Sources */ = {isa = PBXBuildFile; fileRef = AB3879381E61E0ED00F1CABE /* main.m */; };
		AB38793C1E61E0ED00F1CABE /* AppDelegate.m in Sources */ = {isa = PBXBuildFile; fileRef = AB38793B1E61E0ED00F1CABE /* AppDelegate.m */; };
		AB38793F1E61E0ED00F1CABE /* ViewController.mm in Sources */ = {isa = PBXBuildFile; fileRef = AB38793E1E61E0ED00F1CABE /* ViewController.mm */; };
		AB3879421E61E0ED00F1CABE /* Main.storyboard in Resources */ = {isa = PBXBuildFile; fileRef = AB3879401E61E0ED00F1CABE /* Main.storyboard */; };
		AB3879441E61E0ED00F1CABE /* Assets.xcassets in Resources */ = {isa = PBXBuildFile; fileRef = AB3879431E61E0ED00F1CABE /* Assets.xcassets */; };
		AB3879471E61E0ED00F1CABE /* LaunchScreen.storyboard in Resources */ = {isa = PBXBuildFile; fileRef = AB3879451E61E0ED00F1CABE /* LaunchScreen.storyboard */; };
		AB387A0C1E61E23200F1CABE /* libVuforia.a in Frameworks */ = {isa = PBXBuildFile; fileRef = AB387A061E61E23200F1CABE /* libVuforia.a */; };
		AB387A0D1E61E23200F1CABE /* license_3rdpartynotice.txt in Resources */ = {isa = PBXBuildFile; fileRef = AB387A081E61E23200F1CABE /* license_3rdpartynotice.txt */; };
		AB387B521E62948500F1CABE /* ImageTargetsView.mm in Sources */ = {isa = PBXBuildFile; fileRef = AB387B511E62948500F1CABE /* ImageTargetsView.mm */; };
		AB387B551E6294CB00F1CABE /* Texture.mm in Sources */ = {isa = PBXBuildFile; fileRef = AB387B541E6294CB00F1CABE /* Texture.mm */; };
		AB387B581E629ACB00F1CABE /* Session.mm in Sources */ = {isa = PBXBuildFile; fileRef = AB387B571E629ACB00F1CABE /* Session.mm */; };
/* End PBXBuildFile section */

/* Begin PBXFileReference section */
		AB3879341E61E0ED00F1CABE /* HackIlli17.app */ = {isa = PBXFileReference; explicitFileType = wrapper.application; includeInIndex = 0; path = HackIlli17.app; sourceTree = BUILT_PRODUCTS_DIR; };
		AB3879381E61E0ED00F1CABE /* main.m */ = {isa = PBXFileReference; lastKnownFileType = sourcecode.c.objc; path = main.m; sourceTree = "<group>"; };
		AB38793A1E61E0ED00F1CABE /* AppDelegate.h */ = {isa = PBXFileReference; lastKnownFileType = sourcecode.c.h; path = AppDelegate.h; sourceTree = "<group>"; };
		AB38793B1E61E0ED00F1CABE /* AppDelegate.m */ = {isa = PBXFileReference; lastKnownFileType = sourcecode.c.objc; path = AppDelegate.m; sourceTree = "<group>"; };
		AB38793D1E61E0ED00F1CABE /* ViewController.h */ = {isa = PBXFileReference; lastKnownFileType = sourcecode.c.h; path = ViewController.h; sourceTree = "<group>"; };
		AB38793E1E61E0ED00F1CABE /* ViewController.mm */ = {isa = PBXFileReference; lastKnownFileType = sourcecode.cpp.objcpp; path = ViewController.mm; sourceTree = "<group>"; };
		AB3879411E61E0ED00F1CABE /* Base */ = {isa = PBXFileReference; lastKnownFileType = file.storyboard; name = Base; path = Base.lproj/Main.storyboard; sourceTree = "<group>"; };
		AB3879431E61E0ED00F1CABE /* Assets.xcassets */ = {isa = PBXFileReference; lastKnownFileType = folder.assetcatalog; path = Assets.xcassets; sourceTree = "<group>"; };
		AB3879461E61E0ED00F1CABE /* Base */ = {isa = PBXFileReference; lastKnownFileType = file.storyboard; name = Base; path = Base.lproj/LaunchScreen.storyboard; sourceTree = "<group>"; };
		AB3879481E61E0ED00F1CABE /* Info.plist */ = {isa = PBXFileReference; lastKnownFileType = text.plist.xml; path = Info.plist; sourceTree = "<group>"; };
		AB3879AA1E61E1B500F1CABE /* README.md */ = {isa = PBXFileReference; lastKnownFileType = net.daringfireball.markdown; path = README.md; sourceTree = "<group>"; };
		AB3879AF1E61E23200F1CABE /* Area.h */ = {isa = PBXFileReference; fileEncoding = 4; lastKnownFileType = sourcecode.c.h; path = Area.h; sourceTree = "<group>"; };
		AB3879B01E61E23200F1CABE /* Box3D.h */ = {isa = PBXFileReference; fileEncoding = 4; lastKnownFileType = sourcecode.c.h; path = Box3D.h; sourceTree = "<group>"; };
		AB3879B11E61E23200F1CABE /* CameraCalibration.h */ = {isa = PBXFileReference; fileEncoding = 4; lastKnownFileType = sourcecode.c.h; path = CameraCalibration.h; sourceTree = "<group>"; };
		AB3879B21E61E23200F1CABE /* CameraDevice.h */ = {isa = PBXFileReference; fileEncoding = 4; lastKnownFileType = sourcecode.c.h; path = CameraDevice.h; sourceTree = "<group>"; };
		AB3879B31E61E23200F1CABE /* CameraField.h */ = {isa = PBXFileReference; fileEncoding = 4; lastKnownFileType = sourcecode.c.h; path = CameraField.h; sourceTree = "<group>"; };
		AB3879B41E61E23200F1CABE /* CustomViewerParameters.h */ = {isa = PBXFileReference; fileEncoding = 4; lastKnownFileType = sourcecode.c.h; path = CustomViewerParameters.h; sourceTree = "<group>"; };
		AB3879B51E61E23200F1CABE /* CylinderTarget.h */ = {isa = PBXFileReference; fileEncoding = 4; lastKnownFileType = sourcecode.c.h; path = CylinderTarget.h; sourceTree = "<group>"; };
		AB3879B61E61E23200F1CABE /* CylinderTargetResult.h */ = {isa = PBXFileReference; fileEncoding = 4; lastKnownFileType = sourcecode.c.h; path = CylinderTargetResult.h; sourceTree = "<group>"; };
		AB3879B71E61E23200F1CABE /* DataSet.h */ = {isa = PBXFileReference; fileEncoding = 4; lastKnownFileType = sourcecode.c.h; path = DataSet.h; sourceTree = "<group>"; };
		AB3879B81E61E23200F1CABE /* Device.h */ = {isa = PBXFileReference; fileEncoding = 4; lastKnownFileType = sourcecode.c.h; path = Device.h; sourceTree = "<group>"; };
		AB3879B91E61E23200F1CABE /* DeviceTrackable.h */ = {isa = PBXFileReference; fileEncoding = 4; lastKnownFileType = sourcecode.c.h; path = DeviceTrackable.h; sourceTree = "<group>"; };
		AB3879BA1E61E23200F1CABE /* DeviceTrackableResult.h */ = {isa = PBXFileReference; fileEncoding = 4; lastKnownFileType = sourcecode.c.h; path = DeviceTrackableResult.h; sourceTree = "<group>"; };
		AB3879BB1E61E23200F1CABE /* DeviceTracker.h */ = {isa = PBXFileReference; fileEncoding = 4; lastKnownFileType = sourcecode.c.h; path = DeviceTracker.h; sourceTree = "<group>"; };
		AB3879BC1E61E23200F1CABE /* EyeID.h */ = {isa = PBXFileReference; fileEncoding = 4; lastKnownFileType = sourcecode.c.h; path = EyeID.h; sourceTree = "<group>"; };
		AB3879BD1E61E23200F1CABE /* EyewearCalibrationProfileManager.h */ = {isa = PBXFileReference; fileEncoding = 4; lastKnownFileType = sourcecode.c.h; path = EyewearCalibrationProfileManager.h; sourceTree = "<group>"; };
		AB3879BE1E61E23200F1CABE /* EyewearCalibrationReading.h */ = {isa = PBXFileReference; fileEncoding = 4; lastKnownFileType = sourcecode.c.h; path = EyewearCalibrationReading.h; sourceTree = "<group>"; };
		AB3879BF1E61E23200F1CABE /* EyewearDevice.h */ = {isa = PBXFileReference; fileEncoding = 4; lastKnownFileType = sourcecode.c.h; path = EyewearDevice.h; sourceTree = "<group>"; };
		AB3879C01E61E23200F1CABE /* EyewearUserCalibrator.h */ = {isa = PBXFileReference; fileEncoding = 4; lastKnownFileType = sourcecode.c.h; path = EyewearUserCalibrator.h; sourceTree = "<group>"; };
		AB3879C11E61E23200F1CABE /* Frame.h */ = {isa = PBXFileReference; fileEncoding = 4; lastKnownFileType = sourcecode.c.h; path = Frame.h; sourceTree = "<group>"; };
		AB3879C21E61E23200F1CABE /* GLRenderer.h */ = {isa = PBXFileReference; fileEncoding = 4; lastKnownFileType = sourcecode.c.h; path = GLRenderer.h; sourceTree = "<group>"; };
		AB3879C31E61E23200F1CABE /* HandheldTransformModel.h */ = {isa = PBXFileReference; fileEncoding = 4; lastKnownFileType = sourcecode.c.h; path = HandheldTransformModel.h; sourceTree = "<group>"; };
		AB3879C41E61E23200F1CABE /* HeadTransformModel.h */ = {isa = PBXFileReference; fileEncoding = 4; lastKnownFileType = sourcecode.c.h; path = HeadTransformModel.h; sourceTree = "<group>"; };
		AB3879C51E61E23200F1CABE /* Image.h */ = {isa = PBXFileReference; fileEncoding = 4; lastKnownFileType = sourcecode.c.h; path = Image.h; sourceTree = "<group>"; };
		AB3879C61E61E23200F1CABE /* ImageTarget.h */ = {isa = PBXFileReference; fileEncoding = 4; lastKnownFileType = sourcecode.c.h; path = ImageTarget.h; sourceTree = "<group>"; };
		AB3879C71E61E23200F1CABE /* ImageTargetBuilder.h */ = {isa = PBXFileReference; fileEncoding = 4; lastKnownFileType = sourcecode.c.h; path = ImageTargetBuilder.h; sourceTree = "<group>"; };
		AB3879C81E61E23200F1CABE /* ImageTargetResult.h */ = {isa = PBXFileReference; fileEncoding = 4; lastKnownFileType = sourcecode.c.h; path = ImageTargetResult.h; sourceTree = "<group>"; };
		AB3879C91E61E23200F1CABE /* InstanceId.h */ = {isa = PBXFileReference; fileEncoding = 4; lastKnownFileType = sourcecode.c.h; path = InstanceId.h; sourceTree = "<group>"; };
		AB3879CA1E61E23200F1CABE /* Matrices.h */ = {isa = PBXFileReference; fileEncoding = 4; lastKnownFileType = sourcecode.c.h; path = Matrices.h; sourceTree = "<group>"; };
		AB3879CB1E61E23200F1CABE /* Mesh.h */ = {isa = PBXFileReference; fileEncoding = 4; lastKnownFileType = sourcecode.c.h; path = Mesh.h; sourceTree = "<group>"; };
		AB3879CC1E61E23200F1CABE /* MetalRenderer.h */ = {isa = PBXFileReference; fileEncoding = 4; lastKnownFileType = sourcecode.c.h; path = MetalRenderer.h; sourceTree = "<group>"; };
		AB3879CD1E61E23200F1CABE /* MultiTarget.h */ = {isa = PBXFileReference; fileEncoding = 4; lastKnownFileType = sourcecode.c.h; path = MultiTarget.h; sourceTree = "<group>"; };
		AB3879CE1E61E23200F1CABE /* MultiTargetResult.h */ = {isa = PBXFileReference; fileEncoding = 4; lastKnownFileType = sourcecode.c.h; path = MultiTargetResult.h; sourceTree = "<group>"; };
		AB3879CF1E61E23200F1CABE /* NonCopyable.h */ = {isa = PBXFileReference; fileEncoding = 4; lastKnownFileType = sourcecode.c.h; path = NonCopyable.h; sourceTree = "<group>"; };
		AB3879D01E61E23200F1CABE /* Obb2D.h */ = {isa = PBXFileReference; fileEncoding = 4; lastKnownFileType = sourcecode.c.h; path = Obb2D.h; sourceTree = "<group>"; };
		AB3879D11E61E23200F1CABE /* Obb3D.h */ = {isa = PBXFileReference; fileEncoding = 4; lastKnownFileType = sourcecode.c.h; path = Obb3D.h; sourceTree = "<group>"; };
		AB3879D21E61E23200F1CABE /* ObjectTarget.h */ = {isa = PBXFileReference; fileEncoding = 4; lastKnownFileType = sourcecode.c.h; path = ObjectTarget.h; sourceTree = "<group>"; };
		AB3879D31E61E23200F1CABE /* ObjectTargetResult.h */ = {isa = PBXFileReference; fileEncoding = 4; lastKnownFileType = sourcecode.c.h; path = ObjectTargetResult.h; sourceTree = "<group>"; };
		AB3879D41E61E23200F1CABE /* ObjectTracker.h */ = {isa = PBXFileReference; fileEncoding = 4; lastKnownFileType = sourcecode.c.h; path = ObjectTracker.h; sourceTree = "<group>"; };
		AB3879D51E61E23200F1CABE /* Prop.h */ = {isa = PBXFileReference; fileEncoding = 4; lastKnownFileType = sourcecode.c.h; path = Prop.h; sourceTree = "<group>"; };
		AB3879D61E61E23200F1CABE /* PropResult.h */ = {isa = PBXFileReference; fileEncoding = 4; lastKnownFileType = sourcecode.c.h; path = PropResult.h; sourceTree = "<group>"; };
		AB3879D71E61E23200F1CABE /* Reconstruction.h */ = {isa = PBXFileReference; fileEncoding = 4; lastKnownFileType = sourcecode.c.h; path = Reconstruction.h; sourceTree = "<group>"; };
		AB3879D81E61E23200F1CABE /* ReconstructionFromTarget.h */ = {isa = PBXFileReference; fileEncoding = 4; lastKnownFileType = sourcecode.c.h; path = ReconstructionFromTarget.h; sourceTree = "<group>"; };
		AB3879D91E61E23200F1CABE /* Rectangle.h */ = {isa = PBXFileReference; fileEncoding = 4; lastKnownFileType = sourcecode.c.h; path = Rectangle.h; sourceTree = "<group>"; };
		AB3879DA1E61E23200F1CABE /* Renderer.h */ = {isa = PBXFileReference; fileEncoding = 4; lastKnownFileType = sourcecode.c.h; path = Renderer.h; sourceTree = "<group>"; };
		AB3879DB1E61E23200F1CABE /* RenderingPrimitives.h */ = {isa = PBXFileReference; fileEncoding = 4; lastKnownFileType = sourcecode.c.h; path = RenderingPrimitives.h; sourceTree = "<group>"; };
		AB3879DC1E61E23200F1CABE /* RotationalDeviceTracker.h */ = {isa = PBXFileReference; fileEncoding = 4; lastKnownFileType = sourcecode.c.h; path = RotationalDeviceTracker.h; sourceTree = "<group>"; };
		AB3879DD1E61E23200F1CABE /* SmartTerrainBuilder.h */ = {isa = PBXFileReference; fileEncoding = 4; lastKnownFileType = sourcecode.c.h; path = SmartTerrainBuilder.h; sourceTree = "<group>"; };
		AB3879DE1E61E23200F1CABE /* SmartTerrainTrackable.h */ = {isa = PBXFileReference; fileEncoding = 4; lastKnownFileType = sourcecode.c.h; path = SmartTerrainTrackable.h; sourceTree = "<group>"; };
		AB3879DF1E61E23200F1CABE /* SmartTerrainTracker.h */ = {isa = PBXFileReference; fileEncoding = 4; lastKnownFileType = sourcecode.c.h; path = SmartTerrainTracker.h; sourceTree = "<group>"; };
		AB3879E01E61E23200F1CABE /* State.h */ = {isa = PBXFileReference; fileEncoding = 4; lastKnownFileType = sourcecode.c.h; path = State.h; sourceTree = "<group>"; };
		AB3879E11E61E23200F1CABE /* StateUpdater.h */ = {isa = PBXFileReference; fileEncoding = 4; lastKnownFileType = sourcecode.c.h; path = StateUpdater.h; sourceTree = "<group>"; };
		AB3879E21E61E23200F1CABE /* Surface.h */ = {isa = PBXFileReference; fileEncoding = 4; lastKnownFileType = sourcecode.c.h; path = Surface.h; sourceTree = "<group>"; };
		AB3879E31E61E23200F1CABE /* SurfaceResult.h */ = {isa = PBXFileReference; fileEncoding = 4; lastKnownFileType = sourcecode.c.h; path = SurfaceResult.h; sourceTree = "<group>"; };
		AB3879E41E61E23200F1CABE /* System.h */ = {isa = PBXFileReference; fileEncoding = 4; lastKnownFileType = sourcecode.c.h; path = System.h; sourceTree = "<group>"; };
		AB3879E51E61E23200F1CABE /* TargetFinder.h */ = {isa = PBXFileReference; fileEncoding = 4; lastKnownFileType = sourcecode.c.h; path = TargetFinder.h; sourceTree = "<group>"; };
		AB3879E61E61E23200F1CABE /* TargetSearchResult.h */ = {isa = PBXFileReference; fileEncoding = 4; lastKnownFileType = sourcecode.c.h; path = TargetSearchResult.h; sourceTree = "<group>"; };
		AB3879E71E61E23200F1CABE /* TextTracker.h */ = {isa = PBXFileReference; fileEncoding = 4; lastKnownFileType = sourcecode.c.h; path = TextTracker.h; sourceTree = "<group>"; };
		AB3879E81E61E23200F1CABE /* Tool.h */ = {isa = PBXFileReference; fileEncoding = 4; lastKnownFileType = sourcecode.c.h; path = Tool.h; sourceTree = "<group>"; };
		AB3879E91E61E23200F1CABE /* Trackable.h */ = {isa = PBXFileReference; fileEncoding = 4; lastKnownFileType = sourcecode.c.h; path = Trackable.h; sourceTree = "<group>"; };
		AB3879EA1E61E23200F1CABE /* TrackableResult.h */ = {isa = PBXFileReference; fileEncoding = 4; lastKnownFileType = sourcecode.c.h; path = TrackableResult.h; sourceTree = "<group>"; };
		AB3879EB1E61E23200F1CABE /* TrackableSource.h */ = {isa = PBXFileReference; fileEncoding = 4; lastKnownFileType = sourcecode.c.h; path = TrackableSource.h; sourceTree = "<group>"; };
		AB3879EC1E61E23200F1CABE /* Tracker.h */ = {isa = PBXFileReference; fileEncoding = 4; lastKnownFileType = sourcecode.c.h; path = Tracker.h; sourceTree = "<group>"; };
		AB3879ED1E61E23200F1CABE /* TrackerManager.h */ = {isa = PBXFileReference; fileEncoding = 4; lastKnownFileType = sourcecode.c.h; path = TrackerManager.h; sourceTree = "<group>"; };
		AB3879EE1E61E23200F1CABE /* TransformModel.h */ = {isa = PBXFileReference; fileEncoding = 4; lastKnownFileType = sourcecode.c.h; path = TransformModel.h; sourceTree = "<group>"; };
		AB3879EF1E61E23200F1CABE /* Type.h */ = {isa = PBXFileReference; fileEncoding = 4; lastKnownFileType = sourcecode.c.h; path = Type.h; sourceTree = "<group>"; };
		AB3879F01E61E23200F1CABE /* UIGLViewProtocol.h */ = {isa = PBXFileReference; fileEncoding = 4; lastKnownFileType = sourcecode.c.h; path = UIGLViewProtocol.h; sourceTree = "<group>"; };
		AB3879F11E61E23200F1CABE /* UpdateCallback.h */ = {isa = PBXFileReference; fileEncoding = 4; lastKnownFileType = sourcecode.c.h; path = UpdateCallback.h; sourceTree = "<group>"; };
		AB3879F21E61E23200F1CABE /* Vectors.h */ = {isa = PBXFileReference; fileEncoding = 4; lastKnownFileType = sourcecode.c.h; path = Vectors.h; sourceTree = "<group>"; };
		AB3879F31E61E23200F1CABE /* VideoBackgroundConfig.h */ = {isa = PBXFileReference; fileEncoding = 4; lastKnownFileType = sourcecode.c.h; path = VideoBackgroundConfig.h; sourceTree = "<group>"; };
		AB3879F41E61E23200F1CABE /* VideoBackgroundTextureInfo.h */ = {isa = PBXFileReference; fileEncoding = 4; lastKnownFileType = sourcecode.c.h; path = VideoBackgroundTextureInfo.h; sourceTree = "<group>"; };
		AB3879F51E61E23200F1CABE /* VideoMode.h */ = {isa = PBXFileReference; fileEncoding = 4; lastKnownFileType = sourcecode.c.h; path = VideoMode.h; sourceTree = "<group>"; };
		AB3879F61E61E23200F1CABE /* View.h */ = {isa = PBXFileReference; fileEncoding = 4; lastKnownFileType = sourcecode.c.h; path = View.h; sourceTree = "<group>"; };
		AB3879F71E61E23200F1CABE /* ViewerParameters.h */ = {isa = PBXFileReference; fileEncoding = 4; lastKnownFileType = sourcecode.c.h; path = ViewerParameters.h; sourceTree = "<group>"; };
		AB3879F81E61E23200F1CABE /* ViewerParametersList.h */ = {isa = PBXFileReference; fileEncoding = 4; lastKnownFileType = sourcecode.c.h; path = ViewerParametersList.h; sourceTree = "<group>"; };
		AB3879F91E61E23200F1CABE /* ViewList.h */ = {isa = PBXFileReference; fileEncoding = 4; lastKnownFileType = sourcecode.c.h; path = ViewList.h; sourceTree = "<group>"; };
		AB3879FA1E61E23200F1CABE /* VirtualButton.h */ = {isa = PBXFileReference; fileEncoding = 4; lastKnownFileType = sourcecode.c.h; path = VirtualButton.h; sourceTree = "<group>"; };
		AB3879FB1E61E23200F1CABE /* VirtualButtonResult.h */ = {isa = PBXFileReference; fileEncoding = 4; lastKnownFileType = sourcecode.c.h; path = VirtualButtonResult.h; sourceTree = "<group>"; };
		AB3879FC1E61E23200F1CABE /* Vuforia.h */ = {isa = PBXFileReference; fileEncoding = 4; lastKnownFileType = sourcecode.c.h; path = Vuforia.h; sourceTree = "<group>"; };
		AB3879FD1E61E23200F1CABE /* Vuforia_iOS.h */ = {isa = PBXFileReference; fileEncoding = 4; lastKnownFileType = sourcecode.c.h; path = Vuforia_iOS.h; sourceTree = "<group>"; };
		AB3879FE1E61E23200F1CABE /* VuMarkTarget.h */ = {isa = PBXFileReference; fileEncoding = 4; lastKnownFileType = sourcecode.c.h; path = VuMarkTarget.h; sourceTree = "<group>"; };
		AB3879FF1E61E23200F1CABE /* VuMarkTargetResult.h */ = {isa = PBXFileReference; fileEncoding = 4; lastKnownFileType = sourcecode.c.h; path = VuMarkTargetResult.h; sourceTree = "<group>"; };
		AB387A001E61E23200F1CABE /* VuMarkTemplate.h */ = {isa = PBXFileReference; fileEncoding = 4; lastKnownFileType = sourcecode.c.h; path = VuMarkTemplate.h; sourceTree = "<group>"; };
		AB387A011E61E23200F1CABE /* Word.h */ = {isa = PBXFileReference; fileEncoding = 4; lastKnownFileType = sourcecode.c.h; path = Word.h; sourceTree = "<group>"; };
		AB387A021E61E23200F1CABE /* WordList.h */ = {isa = PBXFileReference; fileEncoding = 4; lastKnownFileType = sourcecode.c.h; path = WordList.h; sourceTree = "<group>"; };
		AB387A031E61E23200F1CABE /* WordResult.h */ = {isa = PBXFileReference; fileEncoding = 4; lastKnownFileType = sourcecode.c.h; path = WordResult.h; sourceTree = "<group>"; };
		AB387A061E61E23200F1CABE /* libVuforia.a */ = {isa = PBXFileReference; lastKnownFileType = archive.ar; path = libVuforia.a; sourceTree = "<group>"; };
		AB387A081E61E23200F1CABE /* license_3rdpartynotice.txt */ = {isa = PBXFileReference; fileEncoding = 4; lastKnownFileType = text; path = license_3rdpartynotice.txt; sourceTree = "<group>"; };
		AB387A091E61E23200F1CABE /* readme.txt */ = {isa = PBXFileReference; fileEncoding = 4; lastKnownFileType = text; path = readme.txt; sourceTree = "<group>"; };
		AB387A0B1E61E23200F1CABE /* readme.txt */ = {isa = PBXFileReference; fileEncoding = 4; lastKnownFileType = text; path = readme.txt; sourceTree = "<group>"; };
		AB387B501E62948500F1CABE /* ImageTargetsView.h */ = {isa = PBXFileReference; fileEncoding = 4; lastKnownFileType = sourcecode.c.h; path = ImageTargetsView.h; sourceTree = "<group>"; };
		AB387B511E62948500F1CABE /* ImageTargetsView.mm */ = {isa = PBXFileReference; fileEncoding = 4; lastKnownFileType = sourcecode.cpp.objcpp; path = ImageTargetsView.mm; sourceTree = "<group>"; };
		AB387B531E6294CB00F1CABE /* Texture.h */ = {isa = PBXFileReference; fileEncoding = 4; lastKnownFileType = sourcecode.c.h; path = Texture.h; sourceTree = "<group>"; };
		AB387B541E6294CB00F1CABE /* Texture.mm */ = {isa = PBXFileReference; fileEncoding = 4; lastKnownFileType = sourcecode.cpp.objcpp; path = Texture.mm; sourceTree = "<group>"; };
		AB387B561E629ACB00F1CABE /* Session.h */ = {isa = PBXFileReference; fileEncoding = 4; lastKnownFileType = sourcecode.c.h; path = Session.h; sourceTree = "<group>"; };
		AB387B571E629ACB00F1CABE /* Session.mm */ = {isa = PBXFileReference; fileEncoding = 4; lastKnownFileType = sourcecode.cpp.objcpp; path = Session.mm; sourceTree = "<group>"; };
/* End PBXFileReference section */

/* Begin PBXFrameworksBuildPhase section */
		AB3879311E61E0ED00F1CABE /* Frameworks */ = {
			isa = PBXFrameworksBuildPhase;
			buildActionMask = 2147483647;
			files = (
				AB387A0C1E61E23200F1CABE /* libVuforia.a in Frameworks */,
			);
			runOnlyForDeploymentPostprocessing = 0;
		};
/* End PBXFrameworksBuildPhase section */

/* Begin PBXGroup section */
		AB38792B1E61E0ED00F1CABE = {
			isa = PBXGroup;
			children = (
				AB3879AA1E61E1B500F1CABE /* README.md */,
				AB3879361E61E0ED00F1CABE /* HackIlli17 */,
				AB3879AB1E61E23200F1CABE /* Vuforia */,
				AB3879351E61E0ED00F1CABE /* Products */,
			);
			sourceTree = "<group>";
		};
		AB3879351E61E0ED00F1CABE /* Products */ = {
			isa = PBXGroup;
			children = (
				AB3879341E61E0ED00F1CABE /* HackIlli17.app */,
			);
			name = Products;
			sourceTree = "<group>";
		};
		AB3879361E61E0ED00F1CABE /* HackIlli17 */ = {
			isa = PBXGroup;
			children = (
				AB38793A1E61E0ED00F1CABE /* AppDelegate.h */,
				AB38793B1E61E0ED00F1CABE /* AppDelegate.m */,
				AB38793D1E61E0ED00F1CABE /* ViewController.h */,
				AB38793E1E61E0ED00F1CABE /* ViewController.mm */,
				AB387B4F1E62945400F1CABE /* Supporting Classes */,
				AB3879401E61E0ED00F1CABE /* Main.storyboard */,
				AB3879431E61E0ED00F1CABE /* Assets.xcassets */,
				AB3879451E61E0ED00F1CABE /* LaunchScreen.storyboard */,
				AB3879481E61E0ED00F1CABE /* Info.plist */,
				AB3879371E61E0ED00F1CABE /* Supporting Files */,
			);
			path = HackIlli17;
			sourceTree = "<group>";
		};
		AB3879371E61E0ED00F1CABE /* Supporting Files */ = {
			isa = PBXGroup;
			children = (
				AB3879381E61E0ED00F1CABE /* main.m */,
			);
			name = "Supporting Files";
			sourceTree = "<group>";
		};
		AB3879AB1E61E23200F1CABE /* Vuforia */ = {
			isa = PBXGroup;
			children = (
				AB3879AC1E61E23200F1CABE /* build */,
				AB387A071E61E23200F1CABE /* licenses */,
				AB387A091E61E23200F1CABE /* readme.txt */,
				AB387A0A1E61E23200F1CABE /* samples */,
			);
			path = Vuforia;
			sourceTree = "<group>";
		};
		AB3879AC1E61E23200F1CABE /* build */ = {
			isa = PBXGroup;
			children = (
				AB3879AD1E61E23200F1CABE /* include */,
				AB387A041E61E23200F1CABE /* lib */,
			);
			path = build;
			sourceTree = "<group>";
		};
		AB3879AD1E61E23200F1CABE /* include */ = {
			isa = PBXGroup;
			children = (
				AB3879AE1E61E23200F1CABE /* Vuforia */,
			);
			path = include;
			sourceTree = "<group>";
		};
		AB3879AE1E61E23200F1CABE /* Vuforia */ = {
			isa = PBXGroup;
			children = (
				AB3879AF1E61E23200F1CABE /* Area.h */,
				AB3879B01E61E23200F1CABE /* Box3D.h */,
				AB3879B11E61E23200F1CABE /* CameraCalibration.h */,
				AB3879B21E61E23200F1CABE /* CameraDevice.h */,
				AB3879B31E61E23200F1CABE /* CameraField.h */,
				AB3879B41E61E23200F1CABE /* CustomViewerParameters.h */,
				AB3879B51E61E23200F1CABE /* CylinderTarget.h */,
				AB3879B61E61E23200F1CABE /* CylinderTargetResult.h */,
				AB3879B71E61E23200F1CABE /* DataSet.h */,
				AB3879B81E61E23200F1CABE /* Device.h */,
				AB3879B91E61E23200F1CABE /* DeviceTrackable.h */,
				AB3879BA1E61E23200F1CABE /* DeviceTrackableResult.h */,
				AB3879BB1E61E23200F1CABE /* DeviceTracker.h */,
				AB3879BC1E61E23200F1CABE /* EyeID.h */,
				AB3879BD1E61E23200F1CABE /* EyewearCalibrationProfileManager.h */,
				AB3879BE1E61E23200F1CABE /* EyewearCalibrationReading.h */,
				AB3879BF1E61E23200F1CABE /* EyewearDevice.h */,
				AB3879C01E61E23200F1CABE /* EyewearUserCalibrator.h */,
				AB3879C11E61E23200F1CABE /* Frame.h */,
				AB3879C21E61E23200F1CABE /* GLRenderer.h */,
				AB3879C31E61E23200F1CABE /* HandheldTransformModel.h */,
				AB3879C41E61E23200F1CABE /* HeadTransformModel.h */,
				AB3879C51E61E23200F1CABE /* Image.h */,
				AB3879C61E61E23200F1CABE /* ImageTarget.h */,
				AB3879C71E61E23200F1CABE /* ImageTargetBuilder.h */,
				AB3879C81E61E23200F1CABE /* ImageTargetResult.h */,
				AB3879C91E61E23200F1CABE /* InstanceId.h */,
				AB3879CA1E61E23200F1CABE /* Matrices.h */,
				AB3879CB1E61E23200F1CABE /* Mesh.h */,
				AB3879CC1E61E23200F1CABE /* MetalRenderer.h */,
				AB3879CD1E61E23200F1CABE /* MultiTarget.h */,
				AB3879CE1E61E23200F1CABE /* MultiTargetResult.h */,
				AB3879CF1E61E23200F1CABE /* NonCopyable.h */,
				AB3879D01E61E23200F1CABE /* Obb2D.h */,
				AB3879D11E61E23200F1CABE /* Obb3D.h */,
				AB3879D21E61E23200F1CABE /* ObjectTarget.h */,
				AB3879D31E61E23200F1CABE /* ObjectTargetResult.h */,
				AB3879D41E61E23200F1CABE /* ObjectTracker.h */,
				AB3879D51E61E23200F1CABE /* Prop.h */,
				AB3879D61E61E23200F1CABE /* PropResult.h */,
				AB3879D71E61E23200F1CABE /* Reconstruction.h */,
				AB3879D81E61E23200F1CABE /* ReconstructionFromTarget.h */,
				AB3879D91E61E23200F1CABE /* Rectangle.h */,
				AB3879DA1E61E23200F1CABE /* Renderer.h */,
				AB3879DB1E61E23200F1CABE /* RenderingPrimitives.h */,
				AB3879DC1E61E23200F1CABE /* RotationalDeviceTracker.h */,
				AB3879DD1E61E23200F1CABE /* SmartTerrainBuilder.h */,
				AB3879DE1E61E23200F1CABE /* SmartTerrainTrackable.h */,
				AB3879DF1E61E23200F1CABE /* SmartTerrainTracker.h */,
				AB3879E01E61E23200F1CABE /* State.h */,
				AB3879E11E61E23200F1CABE /* StateUpdater.h */,
				AB3879E21E61E23200F1CABE /* Surface.h */,
				AB3879E31E61E23200F1CABE /* SurfaceResult.h */,
				AB3879E41E61E23200F1CABE /* System.h */,
				AB3879E51E61E23200F1CABE /* TargetFinder.h */,
				AB3879E61E61E23200F1CABE /* TargetSearchResult.h */,
				AB3879E71E61E23200F1CABE /* TextTracker.h */,
				AB3879E81E61E23200F1CABE /* Tool.h */,
				AB3879E91E61E23200F1CABE /* Trackable.h */,
				AB3879EA1E61E23200F1CABE /* TrackableResult.h */,
				AB3879EB1E61E23200F1CABE /* TrackableSource.h */,
				AB3879EC1E61E23200F1CABE /* Tracker.h */,
				AB3879ED1E61E23200F1CABE /* TrackerManager.h */,
				AB3879EE1E61E23200F1CABE /* TransformModel.h */,
				AB3879EF1E61E23200F1CABE /* Type.h */,
				AB3879F01E61E23200F1CABE /* UIGLViewProtocol.h */,
				AB3879F11E61E23200F1CABE /* UpdateCallback.h */,
				AB3879F21E61E23200F1CABE /* Vectors.h */,
				AB3879F31E61E23200F1CABE /* VideoBackgroundConfig.h */,
				AB3879F41E61E23200F1CABE /* VideoBackgroundTextureInfo.h */,
				AB3879F51E61E23200F1CABE /* VideoMode.h */,
				AB3879F61E61E23200F1CABE /* View.h */,
				AB3879F71E61E23200F1CABE /* ViewerParameters.h */,
				AB3879F81E61E23200F1CABE /* ViewerParametersList.h */,
				AB3879F91E61E23200F1CABE /* ViewList.h */,
				AB3879FA1E61E23200F1CABE /* VirtualButton.h */,
				AB3879FB1E61E23200F1CABE /* VirtualButtonResult.h */,
				AB3879FC1E61E23200F1CABE /* Vuforia.h */,
				AB3879FD1E61E23200F1CABE /* Vuforia_iOS.h */,
				AB3879FE1E61E23200F1CABE /* VuMarkTarget.h */,
				AB3879FF1E61E23200F1CABE /* VuMarkTargetResult.h */,
				AB387A001E61E23200F1CABE /* VuMarkTemplate.h */,
				AB387A011E61E23200F1CABE /* Word.h */,
				AB387A021E61E23200F1CABE /* WordList.h */,
				AB387A031E61E23200F1CABE /* WordResult.h */,
			);
			path = Vuforia;
			sourceTree = "<group>";
		};
		AB387A041E61E23200F1CABE /* lib */ = {
			isa = PBXGroup;
			children = (
				AB387A051E61E23200F1CABE /* arm */,
			);
			path = lib;
			sourceTree = "<group>";
		};
		AB387A051E61E23200F1CABE /* arm */ = {
			isa = PBXGroup;
			children = (
				AB387A061E61E23200F1CABE /* libVuforia.a */,
			);
			path = arm;
			sourceTree = "<group>";
		};
		AB387A071E61E23200F1CABE /* licenses */ = {
			isa = PBXGroup;
			children = (
				AB387A081E61E23200F1CABE /* license_3rdpartynotice.txt */,
			);
			path = licenses;
			sourceTree = "<group>";
		};
		AB387A0A1E61E23200F1CABE /* samples */ = {
			isa = PBXGroup;
			children = (
				AB387A0B1E61E23200F1CABE /* readme.txt */,
			);
			path = samples;
			sourceTree = "<group>";
		};
		AB387B4F1E62945400F1CABE /* Supporting Classes */ = {
			isa = PBXGroup;
			children = (
				AB387B501E62948500F1CABE /* ImageTargetsView.h */,
				AB387B511E62948500F1CABE /* ImageTargetsView.mm */,
				AB387B531E6294CB00F1CABE /* Texture.h */,
				AB387B541E6294CB00F1CABE /* Texture.mm */,
				AB387B561E629ACB00F1CABE /* Session.h */,
				AB387B571E629ACB00F1CABE /* Session.mm */,
			);
			name = "Supporting Classes";
			sourceTree = "<group>";
		};
/* End PBXGroup section */

/* Begin PBXNativeTarget section */
		AB3879331E61E0ED00F1CABE /* HackIlli17 */ = {
			isa = PBXNativeTarget;
			buildConfigurationList = AB38794B1E61E0ED00F1CABE /* Build configuration list for PBXNativeTarget "HackIlli17" */;
			buildPhases = (
				AB3879301E61E0ED00F1CABE /* Sources */,
				AB3879311E61E0ED00F1CABE /* Frameworks */,
				AB3879321E61E0ED00F1CABE /* Resources */,
			);
			buildRules = (
			);
			dependencies = (
			);
			name = HackIlli17;
			productName = HackIlli17;
			productReference = AB3879341E61E0ED00F1CABE /* HackIlli17.app */;
			productType = "com.apple.product-type.application";
		};
/* End PBXNativeTarget section */

/* Begin PBXProject section */
		AB38792C1E61E0ED00F1CABE /* Project object */ = {
			isa = PBXProject;
			attributes = {
				LastUpgradeCheck = 0820;
				ORGANIZATIONNAME = "Jonathan Chan";
				TargetAttributes = {
					AB3879331E61E0ED00F1CABE = {
						CreatedOnToolsVersion = 8.2.1;
						DevelopmentTeam = V7MEJ473R2;
						ProvisioningStyle = Automatic;
					};
				};
			};
			buildConfigurationList = AB38792F1E61E0ED00F1CABE /* Build configuration list for PBXProject "HackIlli17" */;
			compatibilityVersion = "Xcode 3.2";
			developmentRegion = English;
			hasScannedForEncodings = 0;
			knownRegions = (
				en,
				Base,
			);
			mainGroup = AB38792B1E61E0ED00F1CABE;
			productRefGroup = AB3879351E61E0ED00F1CABE /* Products */;
			projectDirPath = "";
			projectRoot = "";
			targets = (
				AB3879331E61E0ED00F1CABE /* HackIlli17 */,
			);
		};
/* End PBXProject section */

/* Begin PBXResourcesBuildPhase section */
		AB3879321E61E0ED00F1CABE /* Resources */ = {
			isa = PBXResourcesBuildPhase;
			buildActionMask = 2147483647;
			files = (
				AB3879471E61E0ED00F1CABE /* LaunchScreen.storyboard in Resources */,
				AB387A0D1E61E23200F1CABE /* license_3rdpartynotice.txt in Resources */,
				AB3879441E61E0ED00F1CABE /* Assets.xcassets in Resources */,
				AB3879421E61E0ED00F1CABE /* Main.storyboard in Resources */,
			);
			runOnlyForDeploymentPostprocessing = 0;
		};
/* End PBXResourcesBuildPhase section */

/* Begin PBXSourcesBuildPhase section */
		AB3879301E61E0ED00F1CABE /* Sources */ = {
			isa = PBXSourcesBuildPhase;
			buildActionMask = 2147483647;
			files = (
				AB38793F1E61E0ED00F1CABE /* ViewController.mm in Sources */,
				AB387B521E62948500F1CABE /* ImageTargetsView.mm in Sources */,
				AB387B581E629ACB00F1CABE /* Session.mm in Sources */,
				AB38793C1E61E0ED00F1CABE /* AppDelegate.m in Sources */,
				AB387B551E6294CB00F1CABE /* Texture.mm in Sources */,
				AB3879391E61E0ED00F1CABE /* main.m in Sources */,
			);
			runOnlyForDeploymentPostprocessing = 0;
		};
/* End PBXSourcesBuildPhase section */

/* Begin PBXVariantGroup section */
		AB3879401E61E0ED00F1CABE /* Main.storyboard */ = {
			isa = PBXVariantGroup;
			children = (
				AB3879411E61E0ED00F1CABE /* Base */,
			);
			name = Main.storyboard;
			sourceTree = "<group>";
		};
		AB3879451E61E0ED00F1CABE /* LaunchScreen.storyboard */ = {
			isa = PBXVariantGroup;
			children = (
				AB3879461E61E0ED00F1CABE /* Base */,
			);
			name = LaunchScreen.storyboard;
			sourceTree = "<group>";
		};
/* End PBXVariantGroup section */

/* Begin XCBuildConfiguration section */
		AB3879491E61E0ED00F1CABE /* Debug */ = {
			isa = XCBuildConfiguration;
			buildSettings = {
				ALWAYS_SEARCH_USER_PATHS = NO;
				CLANG_ANALYZER_NONNULL = YES;
				CLANG_CXX_LANGUAGE_STANDARD = "gnu++0x";
				CLANG_CXX_LIBRARY = "libc++";
				CLANG_ENABLE_MODULES = YES;
				CLANG_ENABLE_OBJC_ARC = YES;
				CLANG_WARN_BOOL_CONVERSION = YES;
				CLANG_WARN_CONSTANT_CONVERSION = YES;
				CLANG_WARN_DIRECT_OBJC_ISA_USAGE = YES_ERROR;
				CLANG_WARN_DOCUMENTATION_COMMENTS = YES;
				CLANG_WARN_EMPTY_BODY = YES;
				CLANG_WARN_ENUM_CONVERSION = YES;
				CLANG_WARN_INFINITE_RECURSION = YES;
				CLANG_WARN_INT_CONVERSION = YES;
				CLANG_WARN_OBJC_ROOT_CLASS = YES_ERROR;
				CLANG_WARN_SUSPICIOUS_MOVE = YES;
				CLANG_WARN_UNREACHABLE_CODE = YES;
				CLANG_WARN__DUPLICATE_METHOD_MATCH = YES;
				"CODE_SIGN_IDENTITY[sdk=iphoneos*]" = "iPhone Developer";
				COPY_PHASE_STRIP = NO;
				DEBUG_INFORMATION_FORMAT = dwarf;
				ENABLE_STRICT_OBJC_MSGSEND = YES;
				ENABLE_TESTABILITY = YES;
				GCC_C_LANGUAGE_STANDARD = gnu99;
				GCC_DYNAMIC_NO_PIC = NO;
				GCC_NO_COMMON_BLOCKS = YES;
				GCC_OPTIMIZATION_LEVEL = 0;
				GCC_PREPROCESSOR_DEFINITIONS = (
					"DEBUG=1",
					"$(inherited)",
				);
				GCC_WARN_64_TO_32_BIT_CONVERSION = YES;
				GCC_WARN_ABOUT_RETURN_TYPE = YES_ERROR;
				GCC_WARN_UNDECLARED_SELECTOR = YES;
				GCC_WARN_UNINITIALIZED_AUTOS = YES_AGGRESSIVE;
				GCC_WARN_UNUSED_FUNCTION = YES;
				GCC_WARN_UNUSED_VARIABLE = YES;
				IPHONEOS_DEPLOYMENT_TARGET = 10.2;
				MTL_ENABLE_DEBUG_INFO = YES;
				ONLY_ACTIVE_ARCH = YES;
				SDKROOT = iphoneos;
			};
			name = Debug;
		};
		AB38794A1E61E0ED00F1CABE /* Release */ = {
			isa = XCBuildConfiguration;
			buildSettings = {
				ALWAYS_SEARCH_USER_PATHS = NO;
				CLANG_ANALYZER_NONNULL = YES;
				CLANG_CXX_LANGUAGE_STANDARD = "gnu++0x";
				CLANG_CXX_LIBRARY = "libc++";
				CLANG_ENABLE_MODULES = YES;
				CLANG_ENABLE_OBJC_ARC = YES;
				CLANG_WARN_BOOL_CONVERSION = YES;
				CLANG_WARN_CONSTANT_CONVERSION = YES;
				CLANG_WARN_DIRECT_OBJC_ISA_USAGE = YES_ERROR;
				CLANG_WARN_DOCUMENTATION_COMMENTS = YES;
				CLANG_WARN_EMPTY_BODY = YES;
				CLANG_WARN_ENUM_CONVERSION = YES;
				CLANG_WARN_INFINITE_RECURSION = YES;
				CLANG_WARN_INT_CONVERSION = YES;
				CLANG_WARN_OBJC_ROOT_CLASS = YES_ERROR;
				CLANG_WARN_SUSPICIOUS_MOVE = YES;
				CLANG_WARN_UNREACHABLE_CODE = YES;
				CLANG_WARN__DUPLICATE_METHOD_MATCH = YES;
				"CODE_SIGN_IDENTITY[sdk=iphoneos*]" = "iPhone Developer";
				COPY_PHASE_STRIP = NO;
				DEBUG_INFORMATION_FORMAT = "dwarf-with-dsym";
				ENABLE_NS_ASSERTIONS = NO;
				ENABLE_STRICT_OBJC_MSGSEND = YES;
				GCC_C_LANGUAGE_STANDARD = gnu99;
				GCC_NO_COMMON_BLOCKS = YES;
				GCC_WARN_64_TO_32_BIT_CONVERSION = YES;
				GCC_WARN_ABOUT_RETURN_TYPE = YES_ERROR;
				GCC_WARN_UNDECLARED_SELECTOR = YES;
				GCC_WARN_UNINITIALIZED_AUTOS = YES_AGGRESSIVE;
				GCC_WARN_UNUSED_FUNCTION = YES;
				GCC_WARN_UNUSED_VARIABLE = YES;
				IPHONEOS_DEPLOYMENT_TARGET = 10.2;
				MTL_ENABLE_DEBUG_INFO = NO;
				SDKROOT = iphoneos;
				VALIDATE_PRODUCT = YES;
			};
			name = Release;
		};
		AB38794C1E61E0ED00F1CABE /* Debug */ = {
			isa = XCBuildConfiguration;
			buildSettings = {
				ASSETCATALOG_COMPILER_APPICON_NAME = AppIcon;
				DEVELOPMENT_TEAM = V7MEJ473R2;
				HEADER_SEARCH_PATHS = "$(PROJECT_DIR)/Vuforia/build/include/";
				INFOPLIST_FILE = HackIlli17/Info.plist;
				LD_RUNPATH_SEARCH_PATHS = "$(inherited) @executable_path/Frameworks";
				LIBRARY_SEARCH_PATHS = (
					"$(inherited)",
					"$(PROJECT_DIR)/Vuforia/lib/arm",
					"$(PROJECT_DIR)/Vuforia/build/lib/arm",
				);
				PRODUCT_BUNDLE_IDENTIFIER = caviar.yun.HackIlli17;
				PRODUCT_NAME = "$(TARGET_NAME)";
			};
			name = Debug;
		};
		AB38794D1E61E0ED00F1CABE /* Release */ = {
			isa = XCBuildConfiguration;
			buildSettings = {
				ASSETCATALOG_COMPILER_APPICON_NAME = AppIcon;
				DEVELOPMENT_TEAM = V7MEJ473R2;
				HEADER_SEARCH_PATHS = "$(PROJECT_DIR)/Vuforia/build/include/";
				INFOPLIST_FILE = HackIlli17/Info.plist;
				LD_RUNPATH_SEARCH_PATHS = "$(inherited) @executable_path/Frameworks";
				LIBRARY_SEARCH_PATHS = (
					"$(inherited)",
					"$(PROJECT_DIR)/Vuforia/lib/arm",
					"$(PROJECT_DIR)/Vuforia/build/lib/arm",
				);
				PRODUCT_BUNDLE_IDENTIFIER = caviar.yun.HackIlli17;
				PRODUCT_NAME = "$(TARGET_NAME)";
			};
			name = Release;
		};
/* End XCBuildConfiguration section */

/* Begin XCConfigurationList section */
		AB38792F1E61E0ED00F1CABE /* Build configuration list for PBXProject "HackIlli17" */ = {
			isa = XCConfigurationList;
			buildConfigurations = (
				AB3879491E61E0ED00F1CABE /* Debug */,
				AB38794A1E61E0ED00F1CABE /* Release */,
			);
			defaultConfigurationIsVisible = 0;
			defaultConfigurationName = Release;
		};
		AB38794B1E61E0ED00F1CABE /* Build configuration list for PBXNativeTarget "HackIlli17" */ = {
			isa = XCConfigurationList;
			buildConfigurations = (
				AB38794C1E61E0ED00F1CABE /* Debug */,
				AB38794D1E61E0ED00F1CABE /* Release */,
			);
			defaultConfigurationIsVisible = 0;
			defaultConfigurationName = Release;
		};
/* End XCConfigurationList section */
	};
	rootObject = AB38792C1E61E0ED00F1CABE /* Project object */;
}
